// !$*UTF8*$!
{
	archiveVersion = 1;
	classes = {
	};
	objectVersion = 50;
	objects = {

/* Begin PBXBuildFile section */
		4C01F1922101640B000E34EF /* AppDelegate.swift in Sources */ = {isa = PBXBuildFile; fileRef = 4C01F1912101640B000E34EF /* AppDelegate.swift */; };
		4C01F1942101640B000E34EF /* ViewController.swift in Sources */ = {isa = PBXBuildFile; fileRef = 4C01F1932101640B000E34EF /* ViewController.swift */; };
		4C01F1972101640B000E34EF /* Main.storyboard in Resources */ = {isa = PBXBuildFile; fileRef = 4C01F1952101640B000E34EF /* Main.storyboard */; };
		4C01F1992101640D000E34EF /* Assets.xcassets in Resources */ = {isa = PBXBuildFile; fileRef = 4C01F1982101640D000E34EF /* Assets.xcassets */; };
		4C01F19C2101640D000E34EF /* LaunchScreen.storyboard in Resources */ = {isa = PBXBuildFile; fileRef = 4C01F19A2101640D000E34EF /* LaunchScreen.storyboard */; };
		4C01F1A42101723F000E34EF /* TrailerViewController.swift in Sources */ = {isa = PBXBuildFile; fileRef = 4C01F1A32101723F000E34EF /* TrailerViewController.swift */; };
		4C01F1A821017AF5000E34EF /* Trailer.swift in Sources */ = {isa = PBXBuildFile; fileRef = 4C01F1A721017AF5000E34EF /* Trailer.swift */; };
		4C5E1389210E988D001959BA /* trailers.json in Resources */ = {isa = PBXBuildFile; fileRef = 4C5E1387210E976C001959BA /* trailers.json */; };
/* End PBXBuildFile section */

/* Begin PBXFileReference section */
		4C01F18E2101640B000E34EF /* TrailerFix.app */ = {isa = PBXFileReference; explicitFileType = wrapper.application; includeInIndex = 0; path = TrailerFix.app; sourceTree = BUILT_PRODUCTS_DIR; };
		4C01F1912101640B000E34EF /* AppDelegate.swift */ = {isa = PBXFileReference; lastKnownFileType = sourcecode.swift; path = AppDelegate.swift; sourceTree = "<group>"; };
		4C01F1932101640B000E34EF /* ViewController.swift */ = {isa = PBXFileReference; lastKnownFileType = sourcecode.swift; path = ViewController.swift; sourceTree = "<group>"; };
		4C01F1962101640B000E34EF /* Base */ = {isa = PBXFileReference; lastKnownFileType = file.storyboard; name = Base; path = Base.lproj/Main.storyboard; sourceTree = "<group>"; };
		4C01F1982101640D000E34EF /* Assets.xcassets */ = {isa = PBXFileReference; lastKnownFileType = folder.assetcatalog; path = Assets.xcassets; sourceTree = "<group>"; };
		4C01F19B2101640D000E34EF /* Base */ = {isa = PBXFileReference; lastKnownFileType = file.storyboard; name = Base; path = Base.lproj/LaunchScreen.storyboard; sourceTree = "<group>"; };
		4C01F19D2101640D000E34EF /* Info.plist */ = {isa = PBXFileReference; lastKnownFileType = text.plist.xml; path = Info.plist; sourceTree = "<group>"; };
		4C01F1A32101723F000E34EF /* TrailerViewController.swift */ = {isa = PBXFileReference; lastKnownFileType = sourcecode.swift; path = TrailerViewController.swift; sourceTree = "<group>"; };
		4C01F1A721017AF5000E34EF /* Trailer.swift */ = {isa = PBXFileReference; lastKnownFileType = sourcecode.swift; path = Trailer.swift; sourceTree = "<group>"; };
		4C5E1387210E976C001959BA /* trailers.json */ = {isa = PBXFileReference; fileEncoding = 4; lastKnownFileType = text.json; name = trailers.json; path = "../../../../../../Downloads/Arquivos TrailerFlix 2/trailers.json"; sourceTree = "<group>"; };
/* End PBXFileReference section */

/* Begin PBXFrameworksBuildPhase section */
		4C01F18B2101640B000E34EF /* Frameworks */ = {
			isa = PBXFrameworksBuildPhase;
			buildActionMask = 2147483647;
			files = (
			);
			runOnlyForDeploymentPostprocessing = 0;
		};
/* End PBXFrameworksBuildPhase section */

/* Begin PBXGroup section */
		4C01F1852101640B000E34EF = {
			isa = PBXGroup;
			children = (
				4C01F1902101640B000E34EF /* TrailerFix */,
				4C01F18F2101640B000E34EF /* Products */,
			);
			sourceTree = "<group>";
		};
		4C01F18F2101640B000E34EF /* Products */ = {
			isa = PBXGroup;
			children = (
				4C01F18E2101640B000E34EF /* TrailerFix.app */,
			);
			name = Products;
			sourceTree = "<group>";
		};
		4C01F1902101640B000E34EF /* TrailerFix */ = {
			isa = PBXGroup;
			children = (
				4C01F1912101640B000E34EF /* AppDelegate.swift */,
				4C01F1932101640B000E34EF /* ViewController.swift */,
				4C5E1387210E976C001959BA /* trailers.json */,
				4C01F1952101640B000E34EF /* Main.storyboard */,
				4C01F1982101640D000E34EF /* Assets.xcassets */,
				4C01F19A2101640D000E34EF /* LaunchScreen.storyboard */,
				4C01F19D2101640D000E34EF /* Info.plist */,
				4C01F1A32101723F000E34EF /* TrailerViewController.swift */,
				4C01F1A721017AF5000E34EF /* Trailer.swift */,
			);
			path = TrailerFix;
			sourceTree = "<group>";
		};
/* End PBXGroup section */

/* Begin PBXNativeTarget section */
		4C01F18D2101640B000E34EF /* TrailerFix */ = {
			isa = PBXNativeTarget;
			buildConfigurationList = 4C01F1A02101640D000E34EF /* Build configuration list for PBXNativeTarget "TrailerFix" */;
			buildPhases = (
				4C01F18A2101640B000E34EF /* Sources */,
				4C01F18B2101640B000E34EF /* Frameworks */,
				4C01F18C2101640B000E34EF /* Resources */,
			);
			buildRules = (
			);
			dependencies = (
			);
			name = TrailerFix;
			productName = TrailerFix;
			productReference = 4C01F18E2101640B000E34EF /* TrailerFix.app */;
			productType = "com.apple.product-type.application";
		};
/* End PBXNativeTarget section */

/* Begin PBXProject section */
		4C01F1862101640B000E34EF /* Project object */ = {
			isa = PBXProject;
			attributes = {
				LastSwiftUpdateCheck = 0940;
				LastUpgradeCheck = 0940;
				ORGANIZATIONNAME = "Caio Cardozo";
				TargetAttributes = {
					4C01F18D2101640B000E34EF = {
						CreatedOnToolsVersion = 9.4.1;
					};
				};
			};
			buildConfigurationList = 4C01F1892101640B000E34EF /* Build configuration list for PBXProject "TrailerFix" */;
			compatibilityVersion = "Xcode 9.3";
			developmentRegion = en;
			hasScannedForEncodings = 0;
			knownRegions = (
				en,
				Base,
			);
			mainGroup = 4C01F1852101640B000E34EF;
			productRefGroup = 4C01F18F2101640B000E34EF /* Products */;
			projectDirPath = "";
			projectRoot = "";
			targets = (
				4C01F18D2101640B000E34EF /* TrailerFix */,
			);
		};
/* End PBXProject section */

/* Begin PBXResourcesBuildPhase section */
		4C01F18C2101640B000E34EF /* Resources */ = {
			isa = PBXResourcesBuildPhase;
			buildActionMask = 2147483647;
			files = (
				4C01F19C2101640D000E34EF /* LaunchScreen.storyboard in Resources */,
				4C01F1992101640D000E34EF /* Assets.xcassets in Resources */,
				4C01F1972101640B000E34EF /* Main.storyboard in Resources */,
				4C5E1389210E988D001959BA /* trailers.json in Resources */,
			);
			runOnlyForDeploymentPostprocessing = 0;
		};
/* End PBXResourcesBuildPhase section */

/* Begin PBXSourcesBuildPhase section */
		4C01F18A2101640B000E34EF /* Sources */ = {
			isa = PBXSourcesBuildPhase;
			buildActionMask = 2147483647;
			files = (
				4C01F1942101640B000E34EF /* ViewController.swift in Sources */,
				4C01F1922101640B000E34EF /* AppDelegate.swift in Sources */,
				4C01F1A42101723F000E34EF /* TrailerViewController.swift in Sources */,
				4C01F1A821017AF5000E34EF /* Trailer.swift in Sources */,
			);
			runOnlyForDeploymentPostprocessing = 0;
		};
/* End PBXSourcesBuildPhase section */

/* Begin PBXVariantGroup section */
		4C01F1952101640B000E34EF /* Main.storyboard */ = {
			isa = PBXVariantGroup;
			children = (
				4C01F1962101640B000E34EF /* Base */,
			);
			name = Main.storyboard;
			sourceTree = "<group>";
		};
		4C01F19A2101640D000E34EF /* LaunchScreen.storyboard */ = {
			isa = PBXVariantGroup;
			children = (
				4C01F19B2101640D000E34EF /* Base */,
			);
			name = LaunchScreen.storyboard;
			sourceTree = "<group>";
		};
/* End PBXVariantGroup section */

/* Begin XCBuildConfiguration section */
		4C01F19E2101640D000E34EF /* Debug */ = {
			isa = XCBuildConfiguration;
			buildSettings = {
				ALWAYS_SEARCH_USER_PATHS = NO;
				CLANG_ANALYZER_NONNULL = YES;
				CLANG_ANALYZER_NUMBER_OBJECT_CONVERSION = YES_AGGRESSIVE;
				CLANG_CXX_LANGUAGE_STANDARD = "gnu++14";
				CLANG_CXX_LIBRARY = "libc++";
				CLANG_ENABLE_MODULES = YES;
				CLANG_ENABLE_OBJC_ARC = YES;
				CLANG_ENABLE_OBJC_WEAK = YES;
				CLANG_WARN_BLOCK_CAPTURE_AUTORELEASING = YES;
				CLANG_WARN_BOOL_CONVERSION = YES;
				CLANG_WARN_COMMA = YES;
				CLANG_WARN_CONSTANT_CONVERSION = YES;
				CLANG_WARN_DEPRECATED_OBJC_IMPLEMENTATIONS = YES;
				CLANG_WARN_DIRECT_OBJC_ISA_USAGE = YES_ERROR;
				CLANG_WARN_DOCUMENTATION_COMMENTS = YES;
				CLANG_WARN_EMPTY_BODY = YES;
				CLANG_WARN_ENUM_CONVERSION = YES;
				CLANG_WARN_INFINITE_RECURSION = YES;
				CLANG_WARN_INT_CONVERSION = YES;
				CLANG_WARN_NON_LITERAL_NULL_CONVERSION = YES;
				CLANG_WARN_OBJC_IMPLICIT_RETAIN_SELF = YES;
				CLANG_WARN_OBJC_LITERAL_CONVERSION = YES;
				CLANG_WARN_OBJC_ROOT_CLASS = YES_ERROR;
				CLANG_WARN_RANGE_LOOP_ANALYSIS = YES;
				CLANG_WARN_STRICT_PROTOTYPES = YES;
				CLANG_WARN_SUSPICIOUS_MOVE = YES;
				CLANG_WARN_UNGUARDED_AVAILABILITY = YES_AGGRESSIVE;
				CLANG_WARN_UNREACHABLE_CODE = YES;
				CLANG_WARN__DUPLICATE_METHOD_MATCH = YES;
				CODE_SIGN_IDENTITY = "iPhone Developer";
				COPY_PHASE_STRIP = NO;
				DEBUG_INFORMATION_FORMAT = dwarf;
				ENABLE_STRICT_OBJC_MSGSEND = YES;
				ENABLE_TESTABILITY = YES;
				GCC_C_LANGUAGE_STANDARD = gnu11;
				GCC_DYNAMIC_NO_PIC = NO;
				GCC_NO_COMMON_BLOCKS = YES;
				GCC_OPTIMIZATION_LEVEL = 0;
				GCC_PREPROCESSOR_DEFINITIONS = (
					"DEBUG=1",
					"$(inherited)",
				);
				GCC_WARN_64_TO_32_BIT_CONVERSION = YES;
				GCC_WARN_ABOUT_RETURN_TYPE = YES_ERROR;
				GCC_WARN_UNDECLARED_SELECTOR = YES;
				GCC_WARN_UNINITIALIZED_AUTOS = YES_AGGRESSIVE;
				GCC_WARN_UNUSED_FUNCTION = YES;
				GCC_WARN_UNUSED_VARIABLE = YES;
				IPHONEOS_DEPLOYMENT_TARGET = 11.4;
				MTL_ENABLE_DEBUG_INFO = YES;
				ONLY_ACTIVE_ARCH = YES;
				SDKROOT = iphoneos;
				SWIFT_ACTIVE_COMPILATION_CONDITIONS = DEBUG;
				SWIFT_OPTIMIZATION_LEVEL = "-Onone";
			};
			name = Debug;
		};
		4C01F19F2101640D000E34EF /* Release */ = {
			isa = XCBuildConfiguration;
			buildSettings = {
				ALWAYS_SEARCH_USER_PATHS = NO;
				CLANG_ANALYZER_NONNULL = YES;
				CLANG_ANALYZER_NUMBER_OBJECT_CONVERSION = YES_AGGRESSIVE;
				CLANG_CXX_LANGUAGE_STANDARD = "gnu++14";
				CLANG_CXX_LIBRARY = "libc++";
				CLANG_ENABLE_MODULES = YES;
				CLANG_ENABLE_OBJC_ARC = YES;
				CLANG_ENABLE_OBJC_WEAK = YES;
				CLANG_WARN_BLOCK_CAPTURE_AUTORELEASING = YES;
				CLANG_WARN_BOOL_CONVERSION = YES;
				CLANG_WARN_COMMA = YES;
				CLANG_WARN_CONSTANT_CONVERSION = YES;
				CLANG_WARN_DEPRECATED_OBJC_IMPLEMENTATIONS = YES;
				CLANG_WARN_DIRECT_OBJC_ISA_USAGE = YES_ERROR;
				CLANG_WARN_DOCUMENTATION_COMMENTS = YES;
				CLANG_WARN_EMPTY_BODY = YES;
				CLANG_WARN_ENUM_CONVERSION = YES;
				CLANG_WARN_INFINITE_RECURSION = YES;
				CLANG_WARN_INT_CONVERSION = YES;
				CLANG_WARN_NON_LITERAL_NULL_CONVERSION = YES;
				CLANG_WARN_OBJC_IMPLICIT_RETAIN_SELF = YES;
				CLANG_WARN_OBJC_LITERAL_CONVERSION = YES;
				CLANG_WARN_OBJC_ROOT_CLASS = YES_ERROR;
				CLANG_WARN_RANGE_LOOP_ANALYSIS = YES;
				CLANG_WARN_STRICT_PROTOTYPES = YES;
				CLANG_WARN_SUSPICIOUS_MOVE = YES;
				CLANG_WARN_UNGUARDED_AVAILABILITY = YES_AGGRESSIVE;
				CLANG_WARN_UNREACHABLE_CODE = YES;
				CLANG_WARN__DUPLICATE_METHOD_MATCH = YES;
				CODE_SIGN_IDENTITY = "iPhone Developer";
				COPY_PHASE_STRIP = NO;
				DEBUG_INFORMATION_FORMAT = "dwarf-with-dsym";
				ENABLE_NS_ASSERTIONS = NO;
				ENABLE_STRICT_OBJC_MSGSEND = YES;
				GCC_C_LANGUAGE_STANDARD = gnu11;
				GCC_NO_COMMON_BLOCKS = YES;
				GCC_WARN_64_TO_32_BIT_CONVERSION = YES;
				GCC_WARN_ABOUT_RETURN_TYPE = YES_ERROR;
				GCC_WARN_UNDECLARED_SELECTOR = YES;
				GCC_WARN_UNINITIALIZED_AUTOS = YES_AGGRESSIVE;
				GCC_WARN_UNUSED_FUNCTION = YES;
				GCC_WARN_UNUSED_VARIABLE = YES;
				IPHONEOS_DEPLOYMENT_TARGET = 11.4;
				MTL_ENABLE_DEBUG_INFO = NO;
				SDKROOT = iphoneos;
				SWIFT_COMPILATION_MODE = wholemodule;
				SWIFT_OPTIMIZATION_LEVEL = "-O";
				VALIDATE_PRODUCT = YES;
			};
			name = Release;
		};
		4C01F1A12101640D000E34EF /* Debug */ = {
			isa = XCBuildConfiguration;
			buildSettings = {
				ASSETCATALOG_COMPILER_APPICON_NAME = AppIcon;
				CODE_SIGN_STYLE = Automatic;
				DEVELOPMENT_TEAM = 944A2D6BW6;
				INFOPLIST_FILE = TrailerFix/Info.plist;
				LD_RUNPATH_SEARCH_PATHS = (
					"$(inherited)",
					"@executable_path/Frameworks",
				);
				PRODUCT_BUNDLE_IDENTIFIER = caiocardozo.TrailerFix;
				PRODUCT_NAME = "$(TARGET_NAME)";
				SWIFT_VERSION = 4.0;
				TARGETED_DEVICE_FAMILY = "1,2";
			};
			name = Debug;
		};
		4C01F1A22101640D000E34EF /* Release */ = {
			isa = XCBuildConfiguration;
			buildSettings = {
				ASSETCATALOG_COMPILER_APPICON_NAME = AppIcon;
				CODE_SIGN_STYLE = Automatic;
				DEVELOPMENT_TEAM = 944A2D6BW6;
				INFOPLIST_FILE = TrailerFix/Info.plist;
				LD_RUNPATH_SEARCH_PATHS = (
					"$(inherited)",
					"@executable_path/Frameworks",
				);
				PRODUCT_BUNDLE_IDENTIFIER = caiocardozo.TrailerFix;
				PRODUCT_NAME = "$(TARGET_NAME)";
				SWIFT_VERSION = 4.0;
				TARGETED_DEVICE_FAMILY = "1,2";
			};
			name = Release;
		};
/* End XCBuildConfiguration section */

/* Begin XCConfigurationList section */
		4C01F1892101640B000E34EF /* Build configuration list for PBXProject "TrailerFix" */ = {
			isa = XCConfigurationList;
			buildConfigurations = (
				4C01F19E2101640D000E34EF /* Debug */,
				4C01F19F2101640D000E34EF /* Release */,
			);
			defaultConfigurationIsVisible = 0;
			defaultConfigurationName = Release;
		};
		4C01F1A02101640D000E34EF /* Build configuration list for PBXNativeTarget "TrailerFix" */ = {
			isa = XCConfigurationList;
			buildConfigurations = (
				4C01F1A12101640D000E34EF /* Debug */,
				4C01F1A22101640D000E34EF /* Release */,
			);
			defaultConfigurationIsVisible = 0;
			defaultConfigurationName = Release;
		};
/* End XCConfigurationList section */
	};
	rootObject = 4C01F1862101640B000E34EF /* Project object */;
}
